
Microsoft Visual Studio Solution File, Format Version 12.00
# Visual Studio Version 17
VisualStudioVersion = 17.0.32126.317
MinimumVisualStudioVersion = 10.0.40219.1
Project("{8BC9CEB8-8B4A-11D0-8D11-00A0C91BC942}") = "ex2", "ex2\ex2.vcxproj", "{A431ED49-EF94-4ABF-AAF6-47262E889C76}"
EndProject
Global
	GlobalSection(SolutionConfigurationPlatforms) = preSolution
		Debug|x64 = Debug|x64
		Debug|x86 = Debug|x86
		Release|x64 = Release|x64
		Release|x86 = Release|x86
	EndGlobalSection
	GlobalSection(ProjectConfigurationPlatforms) = postSolution
		{A431ED49-EF94-4ABF-AAF6-47262E889C76}.Debug|x64.ActiveCfg = Debug|x64
		{A431ED49-EF94-4ABF-AAF6-47262E889C76}.Debug|x64.Build.0 = Debug|x64
		{A431ED49-EF94-4ABF-AAF6-47262E889C76}.Debug|x86.ActiveCfg = Debug|Win32
		{A431ED49-EF94-4ABF-AAF6-47262E889C76}.Debug|x86.Build.0 = Debug|Win32
		{A431ED49-EF94-4ABF-AAF6-47262E889C76}.Release|x64.ActiveCfg = Release|x64
		{A431ED49-EF94-4ABF-AAF6-47262E889C76}.Release|x64.Build.0 = Release|x64
		{A431ED49-EF94-4ABF-AAF6-47262E889C76}.Release|x86.ActiveCfg = Release|Win32
		{A431ED49-EF94-4ABF-AAF6-47262E889C76}.Release|x86.Build.0 = Release|Win32
	EndGlobalSection
	GlobalSection(SolutionProperties) = preSolution
		HideSolutionNode = FALSE
	EndGlobalSection
	GlobalSection(ExtensibilityGlobals) = postSolution
		SolutionGuid = {D9E79DF1-B47C-4E62-ACEB-99BE3192859C}
	EndGlobalSection
EndGlobal
